
Microsoft Visual Studio Solution File, Format Version 12.00
# Visual Studio Version 16
VisualStudioVersion = 16.0.30413.136
MinimumVisualStudioVersion = 10.0.40219.1
Project("{FAE04EC0-301F-11D3-BF4B-00C04F79EFBC}") = "ConsoleAppASM", "ConsoleAppASM\ConsoleAppASM.csproj", "{144639A7-5074-4AD2-A679-D8880A2F1715}"
EndProject
Global
	GlobalSection(SolutionConfigurationPlatforms) = preSolution
		Debug|Any CPU = Debug|Any CPU
		Release|Any CPU = Release|Any CPU
	EndGlobalSection
	GlobalSection(ProjectConfigurationPlatforms) = postSolution
		{144639A7-5074-4AD2-A679-D8880A2F1715}.Debug|Any CPU.ActiveCfg = Debug|Any CPU
		{144639A7-5074-4AD2-A679-D8880A2F1715}.Debug|Any CPU.Build.0 = Debug|Any CPU
		{144639A7-5074-4AD2-A679-D8880A2F1715}.Release|Any CPU.ActiveCfg = Release|Any CPU
		{144639A7-5074-4AD2-A679-D8880A2F1715}.Release|Any CPU.Build.0 = Release|Any CPU
	EndGlobalSection
	GlobalSection(SolutionProperties) = preSolution
		HideSolutionNode = FALSE
	EndGlobalSection
	GlobalSection(ExtensibilityGlobals) = postSolution
		SolutionGuid = {19F0D5D9-783F-46F3-BA51-E1C1288BC3A3}
	EndGlobalSection
EndGlobal
